// !$*UTF8*$!
{
	archiveVersion = 1;
	classes = {
	};
	objectVersion = 50;
	objects = {

/* Begin PBXBuildFile section */
		6C8B0E36235F29B300922CD5 /* APIRequestBuilder.m in Sources */ = {isa = PBXBuildFile; fileRef = 6C8B0E35235F29B300922CD5 /* APIRequestBuilder.m */; };
		6C8B0E39235F373900922CD5 /* NSString+URL.m in Sources */ = {isa = PBXBuildFile; fileRef = 6C8B0E38235F373900922CD5 /* NSString+URL.m */; };
		6CD1696D235DE9A800FD1F13 /* AppDelegate.m in Sources */ = {isa = PBXBuildFile; fileRef = 6CD1696C235DE9A800FD1F13 /* AppDelegate.m */; };
		6CD16978235DE9AA00FD1F13 /* Assets.xcassets in Resources */ = {isa = PBXBuildFile; fileRef = 6CD16977235DE9AA00FD1F13 /* Assets.xcassets */; };
		6CD1697B235DE9AA00FD1F13 /* LaunchScreen.storyboard in Resources */ = {isa = PBXBuildFile; fileRef = 6CD16979235DE9AA00FD1F13 /* LaunchScreen.storyboard */; };
		6CD1697E235DE9AA00FD1F13 /* main.m in Sources */ = {isa = PBXBuildFile; fileRef = 6CD1697D235DE9AA00FD1F13 /* main.m */; };
		6CD16988235DE9AA00FD1F13 /* MusicPlayerTests.m in Sources */ = {isa = PBXBuildFile; fileRef = 6CD16987235DE9AA00FD1F13 /* MusicPlayerTests.m */; };
		6CD1699C235DEEA500FD1F13 /* ArtistsViewController.m in Sources */ = {isa = PBXBuildFile; fileRef = 6CD1699A235DEEA500FD1F13 /* ArtistsViewController.m */; };
		6CD1699D235DEEA500FD1F13 /* ArtistsViewController.xib in Resources */ = {isa = PBXBuildFile; fileRef = 6CD1699B235DEEA500FD1F13 /* ArtistsViewController.xib */; };
		6CD169A6235DF04D00FD1F13 /* ArtistsListViewModel.m in Sources */ = {isa = PBXBuildFile; fileRef = 6CD169A5235DF04D00FD1F13 /* ArtistsListViewModel.m */; };
		6CD169A9235DF8ED00FD1F13 /* ArtistModel.m in Sources */ = {isa = PBXBuildFile; fileRef = 6CD169A8235DF8ED00FD1F13 /* ArtistModel.m */; };
		6CD169AE235DF96900FD1F13 /* ArtistTableViewCell.m in Sources */ = {isa = PBXBuildFile; fileRef = 6CD169AC235DF96900FD1F13 /* ArtistTableViewCell.m */; };
		6CD169AF235DF96900FD1F13 /* ArtistTableViewCell.xib in Resources */ = {isa = PBXBuildFile; fileRef = 6CD169AD235DF96900FD1F13 /* ArtistTableViewCell.xib */; };
		6CD169B5235E182000FD1F13 /* APIClient.m in Sources */ = {isa = PBXBuildFile; fileRef = 6CD169B4235E182000FD1F13 /* APIClient.m */; };
		6CD169BA235E223000FD1F13 /* APIConstants.m in Sources */ = {isa = PBXBuildFile; fileRef = 6CD169B9235E223000FD1F13 /* APIConstants.m */; };
/* End PBXBuildFile section */

/* Begin PBXContainerItemProxy section */
		6CD16984235DE9AA00FD1F13 /* PBXContainerItemProxy */ = {
			isa = PBXContainerItemProxy;
			containerPortal = 6CD16960235DE9A800FD1F13 /* Project object */;
			proxyType = 1;
			remoteGlobalIDString = 6CD16967235DE9A800FD1F13;
			remoteInfo = MusicPlayer;
		};
/* End PBXContainerItemProxy section */

/* Begin PBXFileReference section */
		6C8B0E34235F29B300922CD5 /* APIRequestBuilder.h */ = {isa = PBXFileReference; lastKnownFileType = sourcecode.c.h; path = APIRequestBuilder.h; sourceTree = "<group>"; };
		6C8B0E35235F29B300922CD5 /* APIRequestBuilder.m */ = {isa = PBXFileReference; lastKnownFileType = sourcecode.c.objc; path = APIRequestBuilder.m; sourceTree = "<group>"; };
		6C8B0E37235F373900922CD5 /* NSString+URL.h */ = {isa = PBXFileReference; lastKnownFileType = sourcecode.c.h; path = "NSString+URL.h"; sourceTree = "<group>"; };
		6C8B0E38235F373900922CD5 /* NSString+URL.m */ = {isa = PBXFileReference; lastKnownFileType = sourcecode.c.objc; path = "NSString+URL.m"; sourceTree = "<group>"; };
		6CD16968235DE9A800FD1F13 /* MusicPlayer.app */ = {isa = PBXFileReference; explicitFileType = wrapper.application; includeInIndex = 0; path = MusicPlayer.app; sourceTree = BUILT_PRODUCTS_DIR; };
		6CD1696B235DE9A800FD1F13 /* AppDelegate.h */ = {isa = PBXFileReference; lastKnownFileType = sourcecode.c.h; path = AppDelegate.h; sourceTree = "<group>"; };
		6CD1696C235DE9A800FD1F13 /* AppDelegate.m */ = {isa = PBXFileReference; lastKnownFileType = sourcecode.c.objc; path = AppDelegate.m; sourceTree = "<group>"; };
		6CD16977235DE9AA00FD1F13 /* Assets.xcassets */ = {isa = PBXFileReference; lastKnownFileType = folder.assetcatalog; path = Assets.xcassets; sourceTree = "<group>"; };
		6CD1697A235DE9AA00FD1F13 /* Base */ = {isa = PBXFileReference; lastKnownFileType = file.storyboard; name = Base; path = Base.lproj/LaunchScreen.storyboard; sourceTree = "<group>"; };
		6CD1697C235DE9AA00FD1F13 /* Info.plist */ = {isa = PBXFileReference; lastKnownFileType = text.plist.xml; path = Info.plist; sourceTree = "<group>"; };
		6CD1697D235DE9AA00FD1F13 /* main.m */ = {isa = PBXFileReference; lastKnownFileType = sourcecode.c.objc; path = main.m; sourceTree = "<group>"; };
		6CD16983235DE9AA00FD1F13 /* MusicPlayerTests.xctest */ = {isa = PBXFileReference; explicitFileType = wrapper.cfbundle; includeInIndex = 0; path = MusicPlayerTests.xctest; sourceTree = BUILT_PRODUCTS_DIR; };
		6CD16987235DE9AA00FD1F13 /* MusicPlayerTests.m */ = {isa = PBXFileReference; lastKnownFileType = sourcecode.c.objc; path = MusicPlayerTests.m; sourceTree = "<group>"; };
		6CD16989235DE9AA00FD1F13 /* Info.plist */ = {isa = PBXFileReference; lastKnownFileType = text.plist.xml; path = Info.plist; sourceTree = "<group>"; };
		6CD16999235DEEA500FD1F13 /* ArtistsViewController.h */ = {isa = PBXFileReference; lastKnownFileType = sourcecode.c.h; path = ArtistsViewController.h; sourceTree = "<group>"; };
		6CD1699A235DEEA500FD1F13 /* ArtistsViewController.m */ = {isa = PBXFileReference; lastKnownFileType = sourcecode.c.objc; path = ArtistsViewController.m; sourceTree = "<group>"; };
		6CD1699B235DEEA500FD1F13 /* ArtistsViewController.xib */ = {isa = PBXFileReference; lastKnownFileType = file.xib; path = ArtistsViewController.xib; sourceTree = "<group>"; };
		6CD169A1235DEFFC00FD1F13 /* ArtistsViewModel.h */ = {isa = PBXFileReference; lastKnownFileType = sourcecode.c.h; path = ArtistsViewModel.h; sourceTree = "<group>"; };
		6CD169A4235DF04D00FD1F13 /* ArtistsListViewModel.h */ = {isa = PBXFileReference; lastKnownFileType = sourcecode.c.h; path = ArtistsListViewModel.h; sourceTree = "<group>"; };
		6CD169A5235DF04D00FD1F13 /* ArtistsListViewModel.m */ = {isa = PBXFileReference; lastKnownFileType = sourcecode.c.objc; path = ArtistsListViewModel.m; sourceTree = "<group>"; };
		6CD169A7235DF8ED00FD1F13 /* ArtistModel.h */ = {isa = PBXFileReference; lastKnownFileType = sourcecode.c.h; path = ArtistModel.h; sourceTree = "<group>"; };
		6CD169A8235DF8ED00FD1F13 /* ArtistModel.m */ = {isa = PBXFileReference; lastKnownFileType = sourcecode.c.objc; path = ArtistModel.m; sourceTree = "<group>"; };
		6CD169AB235DF96900FD1F13 /* ArtistTableViewCell.h */ = {isa = PBXFileReference; lastKnownFileType = sourcecode.c.h; path = ArtistTableViewCell.h; sourceTree = "<group>"; };
		6CD169AC235DF96900FD1F13 /* ArtistTableViewCell.m */ = {isa = PBXFileReference; lastKnownFileType = sourcecode.c.objc; path = ArtistTableViewCell.m; sourceTree = "<group>"; };
		6CD169AD235DF96900FD1F13 /* ArtistTableViewCell.xib */ = {isa = PBXFileReference; lastKnownFileType = file.xib; path = ArtistTableViewCell.xib; sourceTree = "<group>"; };
		6CD169B3235E182000FD1F13 /* APIClient.h */ = {isa = PBXFileReference; lastKnownFileType = sourcecode.c.h; path = APIClient.h; sourceTree = "<group>"; };
		6CD169B4235E182000FD1F13 /* APIClient.m */ = {isa = PBXFileReference; lastKnownFileType = sourcecode.c.objc; path = APIClient.m; sourceTree = "<group>"; };
		6CD169B7235E183900FD1F13 /* HttpClient.h */ = {isa = PBXFileReference; lastKnownFileType = sourcecode.c.h; path = HttpClient.h; sourceTree = "<group>"; };
		6CD169B8235E223000FD1F13 /* APIConstants.h */ = {isa = PBXFileReference; lastKnownFileType = sourcecode.c.h; path = APIConstants.h; sourceTree = "<group>"; };
		6CD169B9235E223000FD1F13 /* APIConstants.m */ = {isa = PBXFileReference; lastKnownFileType = sourcecode.c.objc; path = APIConstants.m; sourceTree = "<group>"; };
/* End PBXFileReference section */

/* Begin PBXFrameworksBuildPhase section */
		6CD16965235DE9A800FD1F13 /* Frameworks */ = {
			isa = PBXFrameworksBuildPhase;
			buildActionMask = 2147483647;
			files = (
			);
			runOnlyForDeploymentPostprocessing = 0;
		};
		6CD16980235DE9AA00FD1F13 /* Frameworks */ = {
			isa = PBXFrameworksBuildPhase;
			buildActionMask = 2147483647;
			files = (
			);
			runOnlyForDeploymentPostprocessing = 0;
		};
/* End PBXFrameworksBuildPhase section */

/* Begin PBXGroup section */
		6CD1695F235DE9A800FD1F13 = {
			isa = PBXGroup;
			children = (
				6CD1696A235DE9A800FD1F13 /* MusicPlayer */,
				6CD16986235DE9AA00FD1F13 /* MusicPlayerTests */,
				6CD16969235DE9A800FD1F13 /* Products */,
			);
			sourceTree = "<group>";
		};
		6CD16969235DE9A800FD1F13 /* Products */ = {
			isa = PBXGroup;
			children = (
				6CD16968235DE9A800FD1F13 /* MusicPlayer.app */,
				6CD16983235DE9AA00FD1F13 /* MusicPlayerTests.xctest */,
			);
			name = Products;
			sourceTree = "<group>";
		};
		6CD1696A235DE9A800FD1F13 /* MusicPlayer */ = {
			isa = PBXGroup;
			children = (
				6CD169B2235E180600FD1F13 /* network layer */,
				6CD1699E235DEEC700FD1F13 /* categories */,
				6CD16997235DED6800FD1F13 /* scenes */,
				6CD1696B235DE9A800FD1F13 /* AppDelegate.h */,
				6CD1696C235DE9A800FD1F13 /* AppDelegate.m */,
				6CD16977235DE9AA00FD1F13 /* Assets.xcassets */,
				6CD16979235DE9AA00FD1F13 /* LaunchScreen.storyboard */,
				6CD1697C235DE9AA00FD1F13 /* Info.plist */,
				6CD1697D235DE9AA00FD1F13 /* main.m */,
			);
			path = MusicPlayer;
			sourceTree = "<group>";
		};
		6CD16986235DE9AA00FD1F13 /* MusicPlayerTests */ = {
			isa = PBXGroup;
			children = (
				6CD16987235DE9AA00FD1F13 /* MusicPlayerTests.m */,
				6CD16989235DE9AA00FD1F13 /* Info.plist */,
			);
			path = MusicPlayerTests;
			sourceTree = "<group>";
		};
		6CD16997235DED6800FD1F13 /* scenes */ = {
			isa = PBXGroup;
			children = (
				6CD16998235DED7F00FD1F13 /* songs list */,
			);
			path = scenes;
			sourceTree = "<group>";
		};
		6CD16998235DED7F00FD1F13 /* songs list */ = {
			isa = PBXGroup;
			children = (
				6CD169B1235DF98A00FD1F13 /* model */,
				6CD169B0235DF97A00FD1F13 /* vmodel */,
				6CD169AA235DF95100FD1F13 /* view */,
			);
			path = "songs list";
			sourceTree = "<group>";
		};
		6CD1699E235DEEC700FD1F13 /* categories */ = {
			isa = PBXGroup;
			children = (
				6CD169A0235DEEE400FD1F13 /* Wrappers */,
			);
			path = categories;
			sourceTree = "<group>";
		};
		6CD169A0235DEEE400FD1F13 /* Wrappers */ = {
			isa = PBXGroup;
			children = (
				6C8B0E37235F373900922CD5 /* NSString+URL.h */,
				6C8B0E38235F373900922CD5 /* NSString+URL.m */,
			);
			path = Wrappers;
			sourceTree = "<group>";
		};
		6CD169AA235DF95100FD1F13 /* view */ = {
			isa = PBXGroup;
			children = (
				6CD16999235DEEA500FD1F13 /* ArtistsViewController.h */,
				6CD1699A235DEEA500FD1F13 /* ArtistsViewController.m */,
				6CD1699B235DEEA500FD1F13 /* ArtistsViewController.xib */,
				6CD169AB235DF96900FD1F13 /* ArtistTableViewCell.h */,
				6CD169AC235DF96900FD1F13 /* ArtistTableViewCell.m */,
				6CD169AD235DF96900FD1F13 /* ArtistTableViewCell.xib */,
			);
			path = view;
			sourceTree = "<group>";
		};
		6CD169B0235DF97A00FD1F13 /* vmodel */ = {
			isa = PBXGroup;
			children = (
				6CD169A1235DEFFC00FD1F13 /* ArtistsViewModel.h */,
				6CD169A4235DF04D00FD1F13 /* ArtistsListViewModel.h */,
				6CD169A5235DF04D00FD1F13 /* ArtistsListViewModel.m */,
			);
			name = vmodel;
			sourceTree = "<group>";
		};
		6CD169B1235DF98A00FD1F13 /* model */ = {
			isa = PBXGroup;
			children = (
				6CD169A7235DF8ED00FD1F13 /* ArtistModel.h */,
				6CD169A8235DF8ED00FD1F13 /* ArtistModel.m */,
			);
			path = model;
			sourceTree = "<group>";
		};
		6CD169B2235E180600FD1F13 /* network layer */ = {
			isa = PBXGroup;
			children = (
				6CD169B7235E183900FD1F13 /* HttpClient.h */,
				6CD169B3235E182000FD1F13 /* APIClient.h */,
				6CD169B4235E182000FD1F13 /* APIClient.m */,
				6CD169B8235E223000FD1F13 /* APIConstants.h */,
				6CD169B9235E223000FD1F13 /* APIConstants.m */,
				6C8B0E34235F29B300922CD5 /* APIRequestBuilder.h */,
				6C8B0E35235F29B300922CD5 /* APIRequestBuilder.m */,
			);
			path = "network layer";
			sourceTree = "<group>";
		};
/* End PBXGroup section */

/* Begin PBXNativeTarget section */
		6CD16967235DE9A800FD1F13 /* MusicPlayer */ = {
			isa = PBXNativeTarget;
			buildConfigurationList = 6CD1698C235DE9AA00FD1F13 /* Build configuration list for PBXNativeTarget "MusicPlayer" */;
			buildPhases = (
				6CD16964235DE9A800FD1F13 /* Sources */,
				6CD16965235DE9A800FD1F13 /* Frameworks */,
				6CD16966235DE9A800FD1F13 /* Resources */,
			);
			buildRules = (
			);
			dependencies = (
			);
			name = MusicPlayer;
			productName = MusicPlayer;
			productReference = 6CD16968235DE9A800FD1F13 /* MusicPlayer.app */;
			productType = "com.apple.product-type.application";
		};
		6CD16982235DE9AA00FD1F13 /* MusicPlayerTests */ = {
			isa = PBXNativeTarget;
			buildConfigurationList = 6CD1698F235DE9AA00FD1F13 /* Build configuration list for PBXNativeTarget "MusicPlayerTests" */;
			buildPhases = (
				6CD1697F235DE9AA00FD1F13 /* Sources */,
				6CD16980235DE9AA00FD1F13 /* Frameworks */,
				6CD16981235DE9AA00FD1F13 /* Resources */,
			);
			buildRules = (
			);
			dependencies = (
				6CD16985235DE9AA00FD1F13 /* PBXTargetDependency */,
			);
			name = MusicPlayerTests;
			productName = MusicPlayerTests;
			productReference = 6CD16983235DE9AA00FD1F13 /* MusicPlayerTests.xctest */;
			productType = "com.apple.product-type.bundle.unit-test";
		};
/* End PBXNativeTarget section */

/* Begin PBXProject section */
		6CD16960235DE9A800FD1F13 /* Project object */ = {
			isa = PBXProject;
			attributes = {
				LastUpgradeCheck = 1110;
				ORGANIZATIONNAME = abuzeid;
				TargetAttributes = {
					6CD16967235DE9A800FD1F13 = {
						CreatedOnToolsVersion = 11.1;
					};
					6CD16982235DE9AA00FD1F13 = {
						CreatedOnToolsVersion = 11.1;
						TestTargetID = 6CD16967235DE9A800FD1F13;
					};
				};
			};
			buildConfigurationList = 6CD16963235DE9A800FD1F13 /* Build configuration list for PBXProject "MusicPlayer" */;
			compatibilityVersion = "Xcode 9.3";
			developmentRegion = en;
			hasScannedForEncodings = 0;
			knownRegions = (
				en,
				Base,
			);
			mainGroup = 6CD1695F235DE9A800FD1F13;
			productRefGroup = 6CD16969235DE9A800FD1F13 /* Products */;
			projectDirPath = "";
			projectRoot = "";
			targets = (
				6CD16967235DE9A800FD1F13 /* MusicPlayer */,
				6CD16982235DE9AA00FD1F13 /* MusicPlayerTests */,
			);
		};
/* End PBXProject section */

/* Begin PBXResourcesBuildPhase section */
		6CD16966235DE9A800FD1F13 /* Resources */ = {
			isa = PBXResourcesBuildPhase;
			buildActionMask = 2147483647;
			files = (
				6CD1699D235DEEA500FD1F13 /* ArtistsViewController.xib in Resources */,
				6CD1697B235DE9AA00FD1F13 /* LaunchScreen.storyboard in Resources */,
				6CD169AF235DF96900FD1F13 /* ArtistTableViewCell.xib in Resources */,
				6CD16978235DE9AA00FD1F13 /* Assets.xcassets in Resources */,
			);
			runOnlyForDeploymentPostprocessing = 0;
		};
		6CD16981235DE9AA00FD1F13 /* Resources */ = {
			isa = PBXResourcesBuildPhase;
			buildActionMask = 2147483647;
			files = (
			);
			runOnlyForDeploymentPostprocessing = 0;
		};
/* End PBXResourcesBuildPhase section */

/* Begin PBXSourcesBuildPhase section */
		6CD16964235DE9A800FD1F13 /* Sources */ = {
			isa = PBXSourcesBuildPhase;
			buildActionMask = 2147483647;
			files = (
				6CD169BA235E223000FD1F13 /* APIConstants.m in Sources */,
				6CD169A9235DF8ED00FD1F13 /* ArtistModel.m in Sources */,
				6CD169B5235E182000FD1F13 /* APIClient.m in Sources */,
				6CD1696D235DE9A800FD1F13 /* AppDelegate.m in Sources */,
				6CD169AE235DF96900FD1F13 /* ArtistTableViewCell.m in Sources */,
				6CD1699C235DEEA500FD1F13 /* ArtistsViewController.m in Sources */,
				6CD1697E235DE9AA00FD1F13 /* main.m in Sources */,
				6C8B0E39235F373900922CD5 /* NSString+URL.m in Sources */,
				6CD169A6235DF04D00FD1F13 /* ArtistsListViewModel.m in Sources */,
				6C8B0E36235F29B300922CD5 /* APIRequestBuilder.m in Sources */,
			);
			runOnlyForDeploymentPostprocessing = 0;
		};
		6CD1697F235DE9AA00FD1F13 /* Sources */ = {
			isa = PBXSourcesBuildPhase;
			buildActionMask = 2147483647;
			files = (
				6CD16988235DE9AA00FD1F13 /* MusicPlayerTests.m in Sources */,
			);
			runOnlyForDeploymentPostprocessing = 0;
		};
/* End PBXSourcesBuildPhase section */

/* Begin PBXTargetDependency section */
		6CD16985235DE9AA00FD1F13 /* PBXTargetDependency */ = {
			isa = PBXTargetDependency;
			target = 6CD16967235DE9A800FD1F13 /* MusicPlayer */;
			targetProxy = 6CD16984235DE9AA00FD1F13 /* PBXContainerItemProxy */;
		};
/* End PBXTargetDependency section */

/* Begin PBXVariantGroup section */
		6CD16979235DE9AA00FD1F13 /* LaunchScreen.storyboard */ = {
			isa = PBXVariantGroup;
			children = (
				6CD1697A235DE9AA00FD1F13 /* Base */,
			);
			name = LaunchScreen.storyboard;
			sourceTree = "<group>";
		};
/* End PBXVariantGroup section */

/* Begin XCBuildConfiguration section */
		6CD1698A235DE9AA00FD1F13 /* Debug */ = {
			isa = XCBuildConfiguration;
			buildSettings = {
				ALWAYS_SEARCH_USER_PATHS = NO;
				CLANG_ANALYZER_NONNULL = YES;
				CLANG_ANALYZER_NUMBER_OBJECT_CONVERSION = YES_AGGRESSIVE;
				CLANG_CXX_LANGUAGE_STANDARD = "gnu++14";
				CLANG_CXX_LIBRARY = "libc++";
				CLANG_ENABLE_MODULES = YES;
				CLANG_ENABLE_OBJC_ARC = YES;
				CLANG_ENABLE_OBJC_WEAK = YES;
				CLANG_WARN_BLOCK_CAPTURE_AUTORELEASING = YES;
				CLANG_WARN_BOOL_CONVERSION = YES;
				CLANG_WARN_COMMA = YES;
				CLANG_WARN_CONSTANT_CONVERSION = YES;
				CLANG_WARN_DEPRECATED_OBJC_IMPLEMENTATIONS = YES;
				CLANG_WARN_DIRECT_OBJC_ISA_USAGE = YES_ERROR;
				CLANG_WARN_DOCUMENTATION_COMMENTS = YES;
				CLANG_WARN_EMPTY_BODY = YES;
				CLANG_WARN_ENUM_CONVERSION = YES;
				CLANG_WARN_INFINITE_RECURSION = YES;
				CLANG_WARN_INT_CONVERSION = YES;
				CLANG_WARN_NON_LITERAL_NULL_CONVERSION = YES;
				CLANG_WARN_OBJC_IMPLICIT_RETAIN_SELF = YES;
				CLANG_WARN_OBJC_LITERAL_CONVERSION = YES;
				CLANG_WARN_OBJC_ROOT_CLASS = YES_ERROR;
				CLANG_WARN_RANGE_LOOP_ANALYSIS = YES;
				CLANG_WARN_STRICT_PROTOTYPES = YES;
				CLANG_WARN_SUSPICIOUS_MOVE = YES;
				CLANG_WARN_UNGUARDED_AVAILABILITY = YES_AGGRESSIVE;
				CLANG_WARN_UNREACHABLE_CODE = YES;
				CLANG_WARN__DUPLICATE_METHOD_MATCH = YES;
				COPY_PHASE_STRIP = NO;
				DEBUG_INFORMATION_FORMAT = dwarf;
				ENABLE_STRICT_OBJC_MSGSEND = YES;
				ENABLE_TESTABILITY = YES;
				GCC_C_LANGUAGE_STANDARD = gnu11;
				GCC_DYNAMIC_NO_PIC = NO;
				GCC_NO_COMMON_BLOCKS = YES;
				GCC_OPTIMIZATION_LEVEL = 0;
				GCC_PREPROCESSOR_DEFINITIONS = (
					"DEBUG=1",
					"$(inherited)",
				);
				GCC_WARN_64_TO_32_BIT_CONVERSION = YES;
				GCC_WARN_ABOUT_RETURN_TYPE = YES_ERROR;
				GCC_WARN_UNDECLARED_SELECTOR = YES;
				GCC_WARN_UNINITIALIZED_AUTOS = YES_AGGRESSIVE;
				GCC_WARN_UNUSED_FUNCTION = YES;
				GCC_WARN_UNUSED_VARIABLE = YES;
				IPHONEOS_DEPLOYMENT_TARGET = 13.1;
				MTL_ENABLE_DEBUG_INFO = INCLUDE_SOURCE;
				MTL_FAST_MATH = YES;
				ONLY_ACTIVE_ARCH = YES;
				SDKROOT = iphoneos;
			};
			name = Debug;
		};
		6CD1698B235DE9AA00FD1F13 /* Release */ = {
			isa = XCBuildConfiguration;
			buildSettings = {
				ALWAYS_SEARCH_USER_PATHS = NO;
				CLANG_ANALYZER_NONNULL = YES;
				CLANG_ANALYZER_NUMBER_OBJECT_CONVERSION = YES_AGGRESSIVE;
				CLANG_CXX_LANGUAGE_STANDARD = "gnu++14";
				CLANG_CXX_LIBRARY = "libc++";
				CLANG_ENABLE_MODULES = YES;
				CLANG_ENABLE_OBJC_ARC = YES;
				CLANG_ENABLE_OBJC_WEAK = YES;
				CLANG_WARN_BLOCK_CAPTURE_AUTORELEASING = YES;
				CLANG_WARN_BOOL_CONVERSION = YES;
				CLANG_WARN_COMMA = YES;
				CLANG_WARN_CONSTANT_CONVERSION = YES;
				CLANG_WARN_DEPRECATED_OBJC_IMPLEMENTATIONS = YES;
				CLANG_WARN_DIRECT_OBJC_ISA_USAGE = YES_ERROR;
				CLANG_WARN_DOCUMENTATION_COMMENTS = YES;
				CLANG_WARN_EMPTY_BODY = YES;
				CLANG_WARN_ENUM_CONVERSION = YES;
				CLANG_WARN_INFINITE_RECURSION = YES;
				CLANG_WARN_INT_CONVERSION = YES;
				CLANG_WARN_NON_LITERAL_NULL_CONVERSION = YES;
				CLANG_WARN_OBJC_IMPLICIT_RETAIN_SELF = YES;
				CLANG_WARN_OBJC_LITERAL_CONVERSION = YES;
				CLANG_WARN_OBJC_ROOT_CLASS = YES_ERROR;
				CLANG_WARN_RANGE_LOOP_ANALYSIS = YES;
				CLANG_WARN_STRICT_PROTOTYPES = YES;
				CLANG_WARN_SUSPICIOUS_MOVE = YES;
				CLANG_WARN_UNGUARDED_AVAILABILITY = YES_AGGRESSIVE;
				CLANG_WARN_UNREACHABLE_CODE = YES;
				CLANG_WARN__DUPLICATE_METHOD_MATCH = YES;
				COPY_PHASE_STRIP = NO;
				DEBUG_INFORMATION_FORMAT = "dwarf-with-dsym";
				ENABLE_NS_ASSERTIONS = NO;
				ENABLE_STRICT_OBJC_MSGSEND = YES;
				GCC_C_LANGUAGE_STANDARD = gnu11;
				GCC_NO_COMMON_BLOCKS = YES;
				GCC_WARN_64_TO_32_BIT_CONVERSION = YES;
				GCC_WARN_ABOUT_RETURN_TYPE = YES_ERROR;
				GCC_WARN_UNDECLARED_SELECTOR = YES;
				GCC_WARN_UNINITIALIZED_AUTOS = YES_AGGRESSIVE;
				GCC_WARN_UNUSED_FUNCTION = YES;
				GCC_WARN_UNUSED_VARIABLE = YES;
				IPHONEOS_DEPLOYMENT_TARGET = 13.1;
				MTL_ENABLE_DEBUG_INFO = NO;
				MTL_FAST_MATH = YES;
				SDKROOT = iphoneos;
				VALIDATE_PRODUCT = YES;
			};
			name = Release;
		};
		6CD1698D235DE9AA00FD1F13 /* Debug */ = {
			isa = XCBuildConfiguration;
			buildSettings = {
				ASSETCATALOG_COMPILER_APPICON_NAME = AppIcon;
				CODE_SIGN_STYLE = Automatic;
				INFOPLIST_FILE = MusicPlayer/Info.plist;
				LD_RUNPATH_SEARCH_PATHS = (
					"$(inherited)",
					"@executable_path/Frameworks",
				);
				PRODUCT_BUNDLE_IDENTIFIER = abuzeid.MusicPlayer;
				PRODUCT_NAME = "$(TARGET_NAME)";
				TARGETED_DEVICE_FAMILY = "1,2";
			};
			name = Debug;
		};
		6CD1698E235DE9AA00FD1F13 /* Release */ = {
			isa = XCBuildConfiguration;
			buildSettings = {
				ASSETCATALOG_COMPILER_APPICON_NAME = AppIcon;
				CODE_SIGN_STYLE = Automatic;
				INFOPLIST_FILE = MusicPlayer/Info.plist;
				LD_RUNPATH_SEARCH_PATHS = (
					"$(inherited)",
					"@executable_path/Frameworks",
				);
				PRODUCT_BUNDLE_IDENTIFIER = abuzeid.MusicPlayer;
				PRODUCT_NAME = "$(TARGET_NAME)";
				TARGETED_DEVICE_FAMILY = "1,2";
			};
			name = Release;
		};
		6CD16990235DE9AA00FD1F13 /* Debug */ = {
			isa = XCBuildConfiguration;
			buildSettings = {
				BUNDLE_LOADER = "$(TEST_HOST)";
				CODE_SIGN_STYLE = Automatic;
				INFOPLIST_FILE = MusicPlayerTests/Info.plist;
				IPHONEOS_DEPLOYMENT_TARGET = 13.1;
				LD_RUNPATH_SEARCH_PATHS = (
					"$(inherited)",
					"@executable_path/Frameworks",
					"@loader_path/Frameworks",
				);
				PRODUCT_BUNDLE_IDENTIFIER = abuzeid.MusicPlayerTests;
				PRODUCT_NAME = "$(TARGET_NAME)";
				TARGETED_DEVICE_FAMILY = "1,2";
				TEST_HOST = "$(BUILT_PRODUCTS_DIR)/MusicPlayer.app/MusicPlayer";
			};
			name = Debug;
		};
		6CD16991235DE9AA00FD1F13 /* Release */ = {
			isa = XCBuildConfiguration;
			buildSettings = {
				BUNDLE_LOADER = "$(TEST_HOST)";
				CODE_SIGN_STYLE = Automatic;
				INFOPLIST_FILE = MusicPlayerTests/Info.plist;
				IPHONEOS_DEPLOYMENT_TARGET = 13.1;
				LD_RUNPATH_SEARCH_PATHS = (
					"$(inherited)",
					"@executable_path/Frameworks",
					"@loader_path/Frameworks",
				);
				PRODUCT_BUNDLE_IDENTIFIER = abuzeid.MusicPlayerTests;
				PRODUCT_NAME = "$(TARGET_NAME)";
				TARGETED_DEVICE_FAMILY = "1,2";
				TEST_HOST = "$(BUILT_PRODUCTS_DIR)/MusicPlayer.app/MusicPlayer";
			};
			name = Release;
		};
/* End XCBuildConfiguration section */

/* Begin XCConfigurationList section */
		6CD16963235DE9A800FD1F13 /* Build configuration list for PBXProject "MusicPlayer" */ = {
			isa = XCConfigurationList;
			buildConfigurations = (
				6CD1698A235DE9AA00FD1F13 /* Debug */,
				6CD1698B235DE9AA00FD1F13 /* Release */,
			);
			defaultConfigurationIsVisible = 0;
			defaultConfigurationName = Release;
		};
		6CD1698C235DE9AA00FD1F13 /* Build configuration list for PBXNativeTarget "MusicPlayer" */ = {
			isa = XCConfigurationList;
			buildConfigurations = (
				6CD1698D235DE9AA00FD1F13 /* Debug */,
				6CD1698E235DE9AA00FD1F13 /* Release */,
			);
			defaultConfigurationIsVisible = 0;
			defaultConfigurationName = Release;
		};
		6CD1698F235DE9AA00FD1F13 /* Build configuration list for PBXNativeTarget "MusicPlayerTests" */ = {
			isa = XCConfigurationList;
			buildConfigurations = (
				6CD16990235DE9AA00FD1F13 /* Debug */,
				6CD16991235DE9AA00FD1F13 /* Release */,
			);
			defaultConfigurationIsVisible = 0;
			defaultConfigurationName = Release;
		};
/* End XCConfigurationList section */
	};
	rootObject = 6CD16960235DE9A800FD1F13 /* Project object */;
}
